
Microsoft Visual Studio Solution File, Format Version 12.00
# Visual Studio Version 16
VisualStudioVersion = 16.0.31129.286
MinimumVisualStudioVersion = 10.0.40219.1
Project("{2150E333-8FDC-42A3-9474-1A3956D46DE8}") = "src", "src", "{D57FFFAA-73F7-41A4-9581-4D784DFEF815}"
EndProject
Project("{2150E333-8FDC-42A3-9474-1A3956D46DE8}") = "Building Blocks", "Building Blocks", "{6541245D-D970-4C21-9D42-24E18DF9126E}"
EndProject
Project("{2150E333-8FDC-42A3-9474-1A3956D46DE8}") = "Services", "Services", "{5098E624-40C6-43B5-8F95-79280114C5FC}"
EndProject
Project("{2150E333-8FDC-42A3-9474-1A3956D46DE8}") = "Web", "Web", "{655CAE59-8A1E-4A7C-90BA-A9D412E6CBCB}"
EndProject
Project("{2150E333-8FDC-42A3-9474-1A3956D46DE8}") = "Identidade", "Identidade", "{2F01CCF0-7491-4A96-89CF-828E0E5A95EE}"
EndProject
Project("{9A19103F-16F7-4668-BE54-9A1E7A4F7556}") = "NSE.Identidade.API", "src\services\NSE.Identidade.API\NSE.Identidade.API.csproj", "{752229E2-9339-4E56-93FE-ACAEFCE63C78}"
EndProject
Project("{2150E333-8FDC-42A3-9474-1A3956D46DE8}") = "MVC", "MVC", "{592C10E4-DDEE-4314-BDC4-E5A8340C9ED8}"
EndProject
Project("{9A19103F-16F7-4668-BE54-9A1E7A4F7556}") = "NSE.WebApp.MVC", "src\web\NSE.WebApp.MVC\NSE.WebApp.MVC.csproj", "{FDA5D6C4-ACBE-482D-96CC-65FF453CAEE1}"
	ProjectSection(ProjectDependencies) = postProject
		{752229E2-9339-4E56-93FE-ACAEFCE63C78} = {752229E2-9339-4E56-93FE-ACAEFCE63C78}
	EndProjectSection
EndProject
Project("{2150E333-8FDC-42A3-9474-1A3956D46DE8}") = "Core", "Core", "{BFE21CAA-4175-4C58-A819-B88605AAEE57}"
EndProject
Project("{9A19103F-16F7-4668-BE54-9A1E7A4F7556}") = "NSE.Core", "src\building_blocks\NSE.Core\NSE.Core.csproj", "{003C50FC-FB0E-4F0C-99AF-C6AF2AD41123}"
EndProject
Project("{2150E333-8FDC-42A3-9474-1A3956D46DE8}") = "Carrinho", "Carrinho", "{FD581A73-8D42-4BC6-9804-9F2DA00423B0}"
EndProject
Project("{2150E333-8FDC-42A3-9474-1A3956D46DE8}") = "Catalogo", "Catalogo", "{058BAA4A-2ABA-46EC-A89E-524EAF640DA6}"
EndProject
Project("{2150E333-8FDC-42A3-9474-1A3956D46DE8}") = "Cliente", "Cliente", "{F24436C4-293D-4274-B4BE-67DF65835B31}"
EndProject
Project("{2150E333-8FDC-42A3-9474-1A3956D46DE8}") = "Pagamento", "Pagamento", "{A6444A83-C6AC-47DC-A38A-AF20488147D0}"
EndProject
Project("{2150E333-8FDC-42A3-9474-1A3956D46DE8}") = "Pedido", "Pedido", "{015A3ACD-481D-4DA7-92F1-AE932F2D1C5C}"
EndProject
Project("{9A19103F-16F7-4668-BE54-9A1E7A4F7556}") = "NSE.Carrinho.API", "src\services\NSE.Carrinho.API\NSE.Carrinho.API.csproj", "{D6D5EEAF-B26D-402E-979E-F48CF93A4F45}"
EndProject
Project("{9A19103F-16F7-4668-BE54-9A1E7A4F7556}") = "NSE.Catalogo.API", "src\services\NSE.Catalogo.API\NSE.Catalogo.API.csproj", "{0DA3C83A-CFC5-4622-96BB-F510052B372F}"
EndProject
Project("{9A19103F-16F7-4668-BE54-9A1E7A4F7556}") = "NSE.Clientes.API", "src\services\NSE.Cliente.API\NSE.Clientes.API.csproj", "{F3B76C43-81A0-471B-B83B-637857C71302}"
EndProject
Project("{9A19103F-16F7-4668-BE54-9A1E7A4F7556}") = "NSE.Pagamentos.API", "src\services\NSE.Pagamento.API\NSE.Pagamentos.API.csproj", "{7FF4FD3B-3784-4EF8-BD71-51AF70467506}"
EndProject
Project("{9A19103F-16F7-4668-BE54-9A1E7A4F7556}") = "NSE.Pedidos.API", "src\services\NSE.Pedido.API\NSE.Pedidos.API.csproj", "{33CB9D8D-58B9-4F42-9617-A614452F6FD2}"
EndProject
Project("{2150E333-8FDC-42A3-9474-1A3956D46DE8}") = "Service", "Service", "{48DE4F3F-8186-4A1F-9A22-DE6F2A9EDA25}"
EndProject
Project("{9A19103F-16F7-4668-BE54-9A1E7A4F7556}") = "NSE.WebApi.Core", "src\building_blocks\NSE.WebApi.Core\NSE.WebApi.Core.csproj", "{D9827A8D-6FA0-423C-BEAC-11CA059DD746}"
EndProject
Project("{2150E333-8FDC-42A3-9474-1A3956D46DE8}") = "MessageBus", "MessageBus", "{8DF3AFA9-5728-4927-9F6B-A38CD9D36BD3}"
EndProject
Project("{9A19103F-16F7-4668-BE54-9A1E7A4F7556}") = "NSE.MessageBus", "src\building_blocks\NSE.MessageBus\NSE.MessageBus.csproj", "{8C6F3AA9-9EB0-4F19-93FB-66FDC17410DC}"
EndProject
Project("{2150E333-8FDC-42A3-9474-1A3956D46DE8}") = "Api Gateways", "Api Gateways", "{B13AA40A-DF77-4FE5-B786-4C61176737E2}"
EndProject
Project("{2150E333-8FDC-42A3-9474-1A3956D46DE8}") = "Compras", "Compras", "{287BCDA6-6CBB-4A8C-AF1F-A807E163DB82}"
EndProject
Project("{9A19103F-16F7-4668-BE54-9A1E7A4F7556}") = "NSE.Bff.Compras", "src\api_gateways\NSE.Bff.Compras\NSE.Bff.Compras.csproj", "{342F724C-F128-452C-8DF9-58404D522501}"
EndProject
Project("{9A19103F-16F7-4668-BE54-9A1E7A4F7556}") = "NSE.Pedidos.Domain", "src\services\NSE.Pedidos.Domain\NSE.Pedidos.Domain.csproj", "{71C06B18-A18C-45C0-849C-0DE55E685A46}"
EndProject
Project("{9A19103F-16F7-4668-BE54-9A1E7A4F7556}") = "NSE.Pedidos.Infra", "src\services\NSE.Pedidos.Infra\NSE.Pedidos.Infra.csproj", "{A2C60E2F-8857-47E6-8E79-7F34F0149C54}"
EndProject
Project("{9A19103F-16F7-4668-BE54-9A1E7A4F7556}") = "NSE.Pagamentos.NerdsPag", "src\services\NSE.Pagamentos.NerdsPag\NSE.Pagamentos.NerdsPag.csproj", "{07839CF7-B6B7-4866-96BD-60C86FF69953}"
EndProject
Global
	GlobalSection(SolutionConfigurationPlatforms) = preSolution
		Debug|Any CPU = Debug|Any CPU
		Release|Any CPU = Release|Any CPU
	EndGlobalSection
	GlobalSection(ProjectConfigurationPlatforms) = postSolution
		{752229E2-9339-4E56-93FE-ACAEFCE63C78}.Debug|Any CPU.ActiveCfg = Debug|Any CPU
		{752229E2-9339-4E56-93FE-ACAEFCE63C78}.Debug|Any CPU.Build.0 = Debug|Any CPU
		{752229E2-9339-4E56-93FE-ACAEFCE63C78}.Release|Any CPU.ActiveCfg = Release|Any CPU
		{752229E2-9339-4E56-93FE-ACAEFCE63C78}.Release|Any CPU.Build.0 = Release|Any CPU
		{FDA5D6C4-ACBE-482D-96CC-65FF453CAEE1}.Debug|Any CPU.ActiveCfg = Debug|Any CPU
		{FDA5D6C4-ACBE-482D-96CC-65FF453CAEE1}.Debug|Any CPU.Build.0 = Debug|Any CPU
		{FDA5D6C4-ACBE-482D-96CC-65FF453CAEE1}.Release|Any CPU.ActiveCfg = Release|Any CPU
		{FDA5D6C4-ACBE-482D-96CC-65FF453CAEE1}.Release|Any CPU.Build.0 = Release|Any CPU
		{003C50FC-FB0E-4F0C-99AF-C6AF2AD41123}.Debug|Any CPU.ActiveCfg = Debug|Any CPU
		{003C50FC-FB0E-4F0C-99AF-C6AF2AD41123}.Debug|Any CPU.Build.0 = Debug|Any CPU
		{003C50FC-FB0E-4F0C-99AF-C6AF2AD41123}.Release|Any CPU.ActiveCfg = Release|Any CPU
		{003C50FC-FB0E-4F0C-99AF-C6AF2AD41123}.Release|Any CPU.Build.0 = Release|Any CPU
		{D6D5EEAF-B26D-402E-979E-F48CF93A4F45}.Debug|Any CPU.ActiveCfg = Debug|Any CPU
		{D6D5EEAF-B26D-402E-979E-F48CF93A4F45}.Debug|Any CPU.Build.0 = Debug|Any CPU
		{D6D5EEAF-B26D-402E-979E-F48CF93A4F45}.Release|Any CPU.ActiveCfg = Release|Any CPU
		{D6D5EEAF-B26D-402E-979E-F48CF93A4F45}.Release|Any CPU.Build.0 = Release|Any CPU
		{0DA3C83A-CFC5-4622-96BB-F510052B372F}.Debug|Any CPU.ActiveCfg = Debug|Any CPU
		{0DA3C83A-CFC5-4622-96BB-F510052B372F}.Debug|Any CPU.Build.0 = Debug|Any CPU
		{0DA3C83A-CFC5-4622-96BB-F510052B372F}.Release|Any CPU.ActiveCfg = Release|Any CPU
		{0DA3C83A-CFC5-4622-96BB-F510052B372F}.Release|Any CPU.Build.0 = Release|Any CPU
		{F3B76C43-81A0-471B-B83B-637857C71302}.Debug|Any CPU.ActiveCfg = Debug|Any CPU
		{F3B76C43-81A0-471B-B83B-637857C71302}.Debug|Any CPU.Build.0 = Debug|Any CPU
		{F3B76C43-81A0-471B-B83B-637857C71302}.Release|Any CPU.ActiveCfg = Release|Any CPU
		{F3B76C43-81A0-471B-B83B-637857C71302}.Release|Any CPU.Build.0 = Release|Any CPU
		{7FF4FD3B-3784-4EF8-BD71-51AF70467506}.Debug|Any CPU.ActiveCfg = Debug|Any CPU
		{7FF4FD3B-3784-4EF8-BD71-51AF70467506}.Debug|Any CPU.Build.0 = Debug|Any CPU
		{7FF4FD3B-3784-4EF8-BD71-51AF70467506}.Release|Any CPU.ActiveCfg = Release|Any CPU
		{7FF4FD3B-3784-4EF8-BD71-51AF70467506}.Release|Any CPU.Build.0 = Release|Any CPU
		{33CB9D8D-58B9-4F42-9617-A614452F6FD2}.Debug|Any CPU.ActiveCfg = Debug|Any CPU
		{33CB9D8D-58B9-4F42-9617-A614452F6FD2}.Debug|Any CPU.Build.0 = Debug|Any CPU
		{33CB9D8D-58B9-4F42-9617-A614452F6FD2}.Release|Any CPU.ActiveCfg = Release|Any CPU
		{33CB9D8D-58B9-4F42-9617-A614452F6FD2}.Release|Any CPU.Build.0 = Release|Any CPU
		{D9827A8D-6FA0-423C-BEAC-11CA059DD746}.Debug|Any CPU.ActiveCfg = Debug|Any CPU
		{D9827A8D-6FA0-423C-BEAC-11CA059DD746}.Debug|Any CPU.Build.0 = Debug|Any CPU
		{D9827A8D-6FA0-423C-BEAC-11CA059DD746}.Release|Any CPU.ActiveCfg = Release|Any CPU
		{D9827A8D-6FA0-423C-BEAC-11CA059DD746}.Release|Any CPU.Build.0 = Release|Any CPU
		{8C6F3AA9-9EB0-4F19-93FB-66FDC17410DC}.Debug|Any CPU.ActiveCfg = Debug|Any CPU
		{8C6F3AA9-9EB0-4F19-93FB-66FDC17410DC}.Debug|Any CPU.Build.0 = Debug|Any CPU
		{8C6F3AA9-9EB0-4F19-93FB-66FDC17410DC}.Release|Any CPU.ActiveCfg = Release|Any CPU
		{8C6F3AA9-9EB0-4F19-93FB-66FDC17410DC}.Release|Any CPU.Build.0 = Release|Any CPU
		{342F724C-F128-452C-8DF9-58404D522501}.Debug|Any CPU.ActiveCfg = Debug|Any CPU
		{342F724C-F128-452C-8DF9-58404D522501}.Debug|Any CPU.Build.0 = Debug|Any CPU
		{342F724C-F128-452C-8DF9-58404D522501}.Release|Any CPU.ActiveCfg = Release|Any CPU
		{342F724C-F128-452C-8DF9-58404D522501}.Release|Any CPU.Build.0 = Release|Any CPU
		{71C06B18-A18C-45C0-849C-0DE55E685A46}.Debug|Any CPU.ActiveCfg = Debug|Any CPU
		{71C06B18-A18C-45C0-849C-0DE55E685A46}.Debug|Any CPU.Build.0 = Debug|Any CPU
		{71C06B18-A18C-45C0-849C-0DE55E685A46}.Release|Any CPU.ActiveCfg = Release|Any CPU
		{71C06B18-A18C-45C0-849C-0DE55E685A46}.Release|Any CPU.Build.0 = Release|Any CPU
		{A2C60E2F-8857-47E6-8E79-7F34F0149C54}.Debug|Any CPU.ActiveCfg = Debug|Any CPU
		{A2C60E2F-8857-47E6-8E79-7F34F0149C54}.Debug|Any CPU.Build.0 = Debug|Any CPU
		{A2C60E2F-8857-47E6-8E79-7F34F0149C54}.Release|Any CPU.ActiveCfg = Release|Any CPU
		{A2C60E2F-8857-47E6-8E79-7F34F0149C54}.Release|Any CPU.Build.0 = Release|Any CPU
		{07839CF7-B6B7-4866-96BD-60C86FF69953}.Debug|Any CPU.ActiveCfg = Debug|Any CPU
		{07839CF7-B6B7-4866-96BD-60C86FF69953}.Debug|Any CPU.Build.0 = Debug|Any CPU
		{07839CF7-B6B7-4866-96BD-60C86FF69953}.Release|Any CPU.ActiveCfg = Release|Any CPU
		{07839CF7-B6B7-4866-96BD-60C86FF69953}.Release|Any CPU.Build.0 = Release|Any CPU
	EndGlobalSection
	GlobalSection(SolutionProperties) = preSolution
		HideSolutionNode = FALSE
	EndGlobalSection
	GlobalSection(NestedProjects) = preSolution
		{6541245D-D970-4C21-9D42-24E18DF9126E} = {D57FFFAA-73F7-41A4-9581-4D784DFEF815}
		{5098E624-40C6-43B5-8F95-79280114C5FC} = {D57FFFAA-73F7-41A4-9581-4D784DFEF815}
		{655CAE59-8A1E-4A7C-90BA-A9D412E6CBCB} = {D57FFFAA-73F7-41A4-9581-4D784DFEF815}
		{2F01CCF0-7491-4A96-89CF-828E0E5A95EE} = {5098E624-40C6-43B5-8F95-79280114C5FC}
		{752229E2-9339-4E56-93FE-ACAEFCE63C78} = {2F01CCF0-7491-4A96-89CF-828E0E5A95EE}
		{592C10E4-DDEE-4314-BDC4-E5A8340C9ED8} = {655CAE59-8A1E-4A7C-90BA-A9D412E6CBCB}
		{FDA5D6C4-ACBE-482D-96CC-65FF453CAEE1} = {592C10E4-DDEE-4314-BDC4-E5A8340C9ED8}
		{BFE21CAA-4175-4C58-A819-B88605AAEE57} = {6541245D-D970-4C21-9D42-24E18DF9126E}
		{003C50FC-FB0E-4F0C-99AF-C6AF2AD41123} = {BFE21CAA-4175-4C58-A819-B88605AAEE57}
		{FD581A73-8D42-4BC6-9804-9F2DA00423B0} = {5098E624-40C6-43B5-8F95-79280114C5FC}
		{058BAA4A-2ABA-46EC-A89E-524EAF640DA6} = {5098E624-40C6-43B5-8F95-79280114C5FC}
		{F24436C4-293D-4274-B4BE-67DF65835B31} = {5098E624-40C6-43B5-8F95-79280114C5FC}
		{A6444A83-C6AC-47DC-A38A-AF20488147D0} = {5098E624-40C6-43B5-8F95-79280114C5FC}
		{015A3ACD-481D-4DA7-92F1-AE932F2D1C5C} = {5098E624-40C6-43B5-8F95-79280114C5FC}
		{D6D5EEAF-B26D-402E-979E-F48CF93A4F45} = {FD581A73-8D42-4BC6-9804-9F2DA00423B0}
		{0DA3C83A-CFC5-4622-96BB-F510052B372F} = {058BAA4A-2ABA-46EC-A89E-524EAF640DA6}
		{F3B76C43-81A0-471B-B83B-637857C71302} = {F24436C4-293D-4274-B4BE-67DF65835B31}
		{7FF4FD3B-3784-4EF8-BD71-51AF70467506} = {A6444A83-C6AC-47DC-A38A-AF20488147D0}
		{33CB9D8D-58B9-4F42-9617-A614452F6FD2} = {015A3ACD-481D-4DA7-92F1-AE932F2D1C5C}
		{48DE4F3F-8186-4A1F-9A22-DE6F2A9EDA25} = {6541245D-D970-4C21-9D42-24E18DF9126E}
		{D9827A8D-6FA0-423C-BEAC-11CA059DD746} = {48DE4F3F-8186-4A1F-9A22-DE6F2A9EDA25}
		{8DF3AFA9-5728-4927-9F6B-A38CD9D36BD3} = {6541245D-D970-4C21-9D42-24E18DF9126E}
		{8C6F3AA9-9EB0-4F19-93FB-66FDC17410DC} = {8DF3AFA9-5728-4927-9F6B-A38CD9D36BD3}
		{B13AA40A-DF77-4FE5-B786-4C61176737E2} = {D57FFFAA-73F7-41A4-9581-4D784DFEF815}
		{287BCDA6-6CBB-4A8C-AF1F-A807E163DB82} = {B13AA40A-DF77-4FE5-B786-4C61176737E2}
		{342F724C-F128-452C-8DF9-58404D522501} = {287BCDA6-6CBB-4A8C-AF1F-A807E163DB82}
		{71C06B18-A18C-45C0-849C-0DE55E685A46} = {015A3ACD-481D-4DA7-92F1-AE932F2D1C5C}
		{A2C60E2F-8857-47E6-8E79-7F34F0149C54} = {015A3ACD-481D-4DA7-92F1-AE932F2D1C5C}
		{07839CF7-B6B7-4866-96BD-60C86FF69953} = {A6444A83-C6AC-47DC-A38A-AF20488147D0}
	EndGlobalSection
	GlobalSection(ExtensibilityGlobals) = postSolution
		SolutionGuid = {B73C3D2A-082E-458C-9420-32B44CFA73A3}
	EndGlobalSection
EndGlobal
